
Microsoft Visual Studio Solution File, Format Version 12.00
# Visual Studio Version 17
VisualStudioVersion = 17.8.34525.116
MinimumVisualStudioVersion = 10.0.40219.1
Project("{FAE04EC0-301F-11D3-BF4B-00C04F79EFBC}") = "Adivinar", "Adivinar\Adivinar.csproj", "{1958EED7-AC4E-46FB-B09C-A8BAC74E7021}"
EndProject
Global
	GlobalSection(SolutionConfigurationPlatforms) = preSolution
		Debug|Any CPU = Debug|Any CPU
		Release|Any CPU = Release|Any CPU
	EndGlobalSection
	GlobalSection(ProjectConfigurationPlatforms) = postSolution
		{1958EED7-AC4E-46FB-B09C-A8BAC74E7021}.Debug|Any CPU.ActiveCfg = Debug|Any CPU
		{1958EED7-AC4E-46FB-B09C-A8BAC74E7021}.Debug|Any CPU.Build.0 = Debug|Any CPU
		{1958EED7-AC4E-46FB-B09C-A8BAC74E7021}.Release|Any CPU.ActiveCfg = Release|Any CPU
		{1958EED7-AC4E-46FB-B09C-A8BAC74E7021}.Release|Any CPU.Build.0 = Release|Any CPU
	EndGlobalSection
	GlobalSection(SolutionProperties) = preSolution
		HideSolutionNode = FALSE
	EndGlobalSection
	GlobalSection(ExtensibilityGlobals) = postSolution
		SolutionGuid = {CAD3B84A-BDFE-45BA-962D-EFC4EE40E152}
	EndGlobalSection
EndGlobal
